
Microsoft Visual Studio Solution File, Format Version 12.00
# Visual Studio Version 17
VisualStudioVersion = 17.2.32616.157
MinimumVisualStudioVersion = 10.0.40219.1
Project("{9A19103F-16F7-4668-BE54-9A1E7A4F7556}") = "CLISC", "CLISC\CLISC.csproj", "{DEA9A358-3ACD-4D2A-8983-47E72FC8B3F0}"
EndProject
Global
	GlobalSection(SolutionConfigurationPlatforms) = preSolution
		Debug|Any CPU = Debug|Any CPU
		Release|Any CPU = Release|Any CPU
	EndGlobalSection
	GlobalSection(ProjectConfigurationPlatforms) = postSolution
		{DEA9A358-3ACD-4D2A-8983-47E72FC8B3F0}.Debug|Any CPU.ActiveCfg = Debug|Any CPU
		{DEA9A358-3ACD-4D2A-8983-47E72FC8B3F0}.Debug|Any CPU.Build.0 = Debug|Any CPU
		{DEA9A358-3ACD-4D2A-8983-47E72FC8B3F0}.Release|Any CPU.ActiveCfg = Release|Any CPU
		{DEA9A358-3ACD-4D2A-8983-47E72FC8B3F0}.Release|Any CPU.Build.0 = Release|Any CPU
	EndGlobalSection
	GlobalSection(SolutionProperties) = preSolution
		HideSolutionNode = FALSE
	EndGlobalSection
	GlobalSection(ExtensibilityGlobals) = postSolution
		SolutionGuid = {53377FC6-08FB-488E-8DC8-1490A0EA7B15}
	EndGlobalSection
EndGlobal
