
Microsoft Visual Studio Solution File, Format Version 12.00
# Visual Studio Version 17
VisualStudioVersion = 17.2.32616.157
MinimumVisualStudioVersion = 10.0.40219.1
Project("{FAE04EC0-301F-11D3-BF4B-00C04F79EFBC}") = "CLISCC", "CLISCC\CLISCC.csproj", "{7DA8FA86-5D92-4C69-8EC0-B7489FF99AE0}"
EndProject
Project("{FAE04EC0-301F-11D3-BF4B-00C04F79EFBC}") = "CLISCC.Classes", "ClassLibrary\CLISCC.Classes.csproj", "{906AE963-8FEE-432E-BB9D-7A6AF6691D75}"
EndProject
Global
	GlobalSection(SolutionConfigurationPlatforms) = preSolution
		Debug|Any CPU = Debug|Any CPU
		Release|Any CPU = Release|Any CPU
	EndGlobalSection
	GlobalSection(ProjectConfigurationPlatforms) = postSolution
		{7DA8FA86-5D92-4C69-8EC0-B7489FF99AE0}.Debug|Any CPU.ActiveCfg = Debug|Any CPU
		{7DA8FA86-5D92-4C69-8EC0-B7489FF99AE0}.Debug|Any CPU.Build.0 = Debug|Any CPU
		{7DA8FA86-5D92-4C69-8EC0-B7489FF99AE0}.Release|Any CPU.ActiveCfg = Release|Any CPU
		{7DA8FA86-5D92-4C69-8EC0-B7489FF99AE0}.Release|Any CPU.Build.0 = Release|Any CPU
		{906AE963-8FEE-432E-BB9D-7A6AF6691D75}.Debug|Any CPU.ActiveCfg = Debug|Any CPU
		{906AE963-8FEE-432E-BB9D-7A6AF6691D75}.Debug|Any CPU.Build.0 = Debug|Any CPU
		{906AE963-8FEE-432E-BB9D-7A6AF6691D75}.Release|Any CPU.ActiveCfg = Release|Any CPU
		{906AE963-8FEE-432E-BB9D-7A6AF6691D75}.Release|Any CPU.Build.0 = Release|Any CPU
	EndGlobalSection
	GlobalSection(SolutionProperties) = preSolution
		HideSolutionNode = FALSE
	EndGlobalSection
	GlobalSection(ExtensibilityGlobals) = postSolution
		SolutionGuid = {53377FC6-08FB-488E-8DC8-1490A0EA7B15}
	EndGlobalSection
EndGlobal
